
Microsoft Visual Studio Solution File, Format Version 12.00
# Visual Studio Version 16
VisualStudioVersion = 16.0.29609.76
MinimumVisualStudioVersion = 10.0.40219.1
Project("{FAE04EC0-301F-11D3-BF4B-00C04F79EFBC}") = "MvcUygulama", "MvcUygulama\MvcUygulama.csproj", "{0BEB1865-BDF5-4C13-BE74-49B66ACFA8F2}"
EndProject
Global
	GlobalSection(SolutionConfigurationPlatforms) = preSolution
		Debug|Any CPU = Debug|Any CPU
		Release|Any CPU = Release|Any CPU
	EndGlobalSection
	GlobalSection(ProjectConfigurationPlatforms) = postSolution
		{0BEB1865-BDF5-4C13-BE74-49B66ACFA8F2}.Debug|Any CPU.ActiveCfg = Debug|Any CPU
		{0BEB1865-BDF5-4C13-BE74-49B66ACFA8F2}.Debug|Any CPU.Build.0 = Debug|Any CPU
		{0BEB1865-BDF5-4C13-BE74-49B66ACFA8F2}.Release|Any CPU.ActiveCfg = Release|Any CPU
		{0BEB1865-BDF5-4C13-BE74-49B66ACFA8F2}.Release|Any CPU.Build.0 = Release|Any CPU
	EndGlobalSection
	GlobalSection(SolutionProperties) = preSolution
		HideSolutionNode = FALSE
	EndGlobalSection
	GlobalSection(ExtensibilityGlobals) = postSolution
		SolutionGuid = {5AF26CCB-B364-4B45-8433-476D8CA9EB9E}
	EndGlobalSection
EndGlobal
